
Microsoft Visual Studio Solution File, Format Version 12.00
# Visual Studio Version 17
VisualStudioVersion = 17.7.34202.233
MinimumVisualStudioVersion = 10.0.40219.1
Project("{FAE04EC0-301F-11D3-BF4B-00C04F79EFBC}") = "Exercises on Composition", "Exercises on Composition.csproj", "{B58468A5-130A-46BC-8776-5E3856CE5AEE}"
EndProject
Global
	GlobalSection(SolutionConfigurationPlatforms) = preSolution
		Debug|Any CPU = Debug|Any CPU
		Release|Any CPU = Release|Any CPU
	EndGlobalSection
	GlobalSection(ProjectConfigurationPlatforms) = postSolution
		{B58468A5-130A-46BC-8776-5E3856CE5AEE}.Debug|Any CPU.ActiveCfg = Debug|Any CPU
		{B58468A5-130A-46BC-8776-5E3856CE5AEE}.Debug|Any CPU.Build.0 = Debug|Any CPU
		{B58468A5-130A-46BC-8776-5E3856CE5AEE}.Release|Any CPU.ActiveCfg = Release|Any CPU
		{B58468A5-130A-46BC-8776-5E3856CE5AEE}.Release|Any CPU.Build.0 = Release|Any CPU
	EndGlobalSection
	GlobalSection(SolutionProperties) = preSolution
		HideSolutionNode = FALSE
	EndGlobalSection
	GlobalSection(ExtensibilityGlobals) = postSolution
		SolutionGuid = {CEE00037-D84B-4F1E-82BF-31CD0C84036B}
	EndGlobalSection
EndGlobal
